# This file is autogenerated, do not edit; changes may be undone by the next 'dep ensure'.


[[projects]]
  name = "github.com/jessevdk/go-flags"
  packages = ["."]
  revision = "c6ca198ec95c841fdb89fc0de7496fed11ab854e"
  version = "v1.4.0"

[[projects]]
  name = "github.com/lestrrat-go/file-rotatelogs"
  packages = ["."]
  revision = "9df8b44f21785240553882138c5df2e9cc1db910"
  version = "v2.1.0"

[[projects]]
  branch = "master"
  name = "github.com/lestrrat/go-strftime"
  packages = ["."]
  revision = "ba3bf9c1d0421aa146564a632931730344f1f9f1"

[[projects]]
  name = "github.com/pkg/errors"
  packages = ["."]
  revision = "645ef00459ed84a119197bfb8d8205042c6df63d"
  version = "v0.8.0"

[solve-meta]
  analyzer-name = "dep"
  analyzer-version = 1
  inputs-digest = "939c83c356522f721439170d522d8ad26ba6ae2aef7a1540364463f98da32cf7"
  solver-name = "gps-cdcl"
  solver-version = 1
